{
  "name": "@tessel-la/roboboy-hello-panel",
  "version": "2.0.0",
  "lockfileVersion": 3,
  "requires": true,
  "packages": {
    "": {
      "name": "@tessel-la/roboboy-hello-panel",
      "version": "2.0.0",
      "license": "MIT",
      "devDependencies": {
        "@tessel-la/roboboy-panel-sdk": "https://github.com/tessel-la/robo-boy/releases/download/panel-sdk-v2.0.0/tessel-la-roboboy-panel-sdk-2.0.0.tgz",
        "typescript": "^5.2.2"
      }
    },
    "node_modules/@tessel-la/roboboy-panel-sdk": {
      "version": "2.0.0",
      "resolved": "https://github.com/tessel-la/robo-boy/releases/download/panel-sdk-v2.0.0/tessel-la-roboboy-panel-sdk-2.0.0.tgz",
      "integrity": "sha512-PJVMKRQJyo9Ptn7N9P2sFKm2TNzMSMCkBrkGKlDB7f50ZwNPUM0CW1V541eoB0zBuUVQXbfMUnBxsNCQ3WkEaQ==",
      "dev": true,
      "license": "MIT"
    },
    "node_modules/typescript": {
      "version": "5.9.3",
      "resolved": "https://registry.npmjs.org/typescript/-/typescript-5.9.3.tgz",
      "integrity": "sha512-jl1vZzPDinLr9eUt3J/t7V6FgNEw9QjvBPdysz9KfQDD41fQrC2Y4vKQdiaUpFT4bXlb1RHhLpp8wtm6M5TgSw==",
      "dev": true,
      "bin": {
        "tsc": "bin/tsc",
        "tsserver": "bin/tsserver"
      },
      "engines": {
        "node": ">=14.17"
      }
    }
  }
}
